
Microsoft Visual Studio Solution File, Format Version 12.00
# Visual Studio Version 17
VisualStudioVersion = 17.0.32126.317
MinimumVisualStudioVersion = 10.0.40219.1
Project("{FAE04EC0-301F-11D3-BF4B-00C04F79EFBC}") = "4.1", "4.1\4.1.csproj", "{A0F9194B-4E40-46D6-AF85-93D519BAB6D3}"
EndProject
Global
	GlobalSection(SolutionConfigurationPlatforms) = preSolution
		Debug|Any CPU = Debug|Any CPU
		Release|Any CPU = Release|Any CPU
	EndGlobalSection
	GlobalSection(ProjectConfigurationPlatforms) = postSolution
		{A0F9194B-4E40-46D6-AF85-93D519BAB6D3}.Debug|Any CPU.ActiveCfg = Debug|Any CPU
		{A0F9194B-4E40-46D6-AF85-93D519BAB6D3}.Debug|Any CPU.Build.0 = Debug|Any CPU
		{A0F9194B-4E40-46D6-AF85-93D519BAB6D3}.Release|Any CPU.ActiveCfg = Release|Any CPU
		{A0F9194B-4E40-46D6-AF85-93D519BAB6D3}.Release|Any CPU.Build.0 = Release|Any CPU
	EndGlobalSection
	GlobalSection(SolutionProperties) = preSolution
		HideSolutionNode = FALSE
	EndGlobalSection
	GlobalSection(ExtensibilityGlobals) = postSolution
		SolutionGuid = {BFBCCFA8-88D7-4CB6-BFF7-486719B8EFA4}
	EndGlobalSection
EndGlobal
