
Microsoft Visual Studio Solution File, Format Version 12.00
# Visual Studio Version 16
VisualStudioVersion = 16.0.31605.320
MinimumVisualStudioVersion = 10.0.40219.1
Project("{FAE04EC0-301F-11D3-BF4B-00C04F79EFBC}") = "4", "4\4.csproj", "{7C4F0326-8B14-444D-907E-6B3E49D4E826}"
EndProject
Global
	GlobalSection(SolutionConfigurationPlatforms) = preSolution
		Debug|Any CPU = Debug|Any CPU
		Release|Any CPU = Release|Any CPU
	EndGlobalSection
	GlobalSection(ProjectConfigurationPlatforms) = postSolution
		{7C4F0326-8B14-444D-907E-6B3E49D4E826}.Debug|Any CPU.ActiveCfg = Debug|Any CPU
		{7C4F0326-8B14-444D-907E-6B3E49D4E826}.Debug|Any CPU.Build.0 = Debug|Any CPU
		{7C4F0326-8B14-444D-907E-6B3E49D4E826}.Release|Any CPU.ActiveCfg = Release|Any CPU
		{7C4F0326-8B14-444D-907E-6B3E49D4E826}.Release|Any CPU.Build.0 = Release|Any CPU
	EndGlobalSection
	GlobalSection(SolutionProperties) = preSolution
		HideSolutionNode = FALSE
	EndGlobalSection
	GlobalSection(ExtensibilityGlobals) = postSolution
		SolutionGuid = {52B16515-563D-4070-90AF-9A4D007C129C}
	EndGlobalSection
EndGlobal
